
Microsoft Visual Studio Solution File, Format Version 12.00
# Visual Studio Version 16
VisualStudioVersion = 16.0.31313.79
MinimumVisualStudioVersion = 10.0.40219.1
Project("{9A19103F-16F7-4668-BE54-9A1E7A4F7556}") = "ConsoleApp1", "ConsoleApp1\ConsoleApp1.csproj", "{3FF95AA9-362A-4188-B30F-83332671BB74}"
EndProject
Project("{FAE04EC0-301F-11D3-BF4B-00C04F79EFBC}") = "TcpInformation", "TcpInformation\TcpInformation.csproj", "{3E34DEF8-727F-46D5-B822-AF62D7C0D878}"
EndProject
Global
	GlobalSection(SolutionConfigurationPlatforms) = preSolution
		Debug|Any CPU = Debug|Any CPU
		Release|Any CPU = Release|Any CPU
	EndGlobalSection
	GlobalSection(ProjectConfigurationPlatforms) = postSolution
		{3FF95AA9-362A-4188-B30F-83332671BB74}.Debug|Any CPU.ActiveCfg = Debug|Any CPU
		{3FF95AA9-362A-4188-B30F-83332671BB74}.Debug|Any CPU.Build.0 = Debug|Any CPU
		{3FF95AA9-362A-4188-B30F-83332671BB74}.Release|Any CPU.ActiveCfg = Release|Any CPU
		{3FF95AA9-362A-4188-B30F-83332671BB74}.Release|Any CPU.Build.0 = Release|Any CPU
		{3E34DEF8-727F-46D5-B822-AF62D7C0D878}.Debug|Any CPU.ActiveCfg = Debug|Any CPU
		{3E34DEF8-727F-46D5-B822-AF62D7C0D878}.Debug|Any CPU.Build.0 = Debug|Any CPU
		{3E34DEF8-727F-46D5-B822-AF62D7C0D878}.Release|Any CPU.ActiveCfg = Release|Any CPU
		{3E34DEF8-727F-46D5-B822-AF62D7C0D878}.Release|Any CPU.Build.0 = Release|Any CPU
	EndGlobalSection
	GlobalSection(SolutionProperties) = preSolution
		HideSolutionNode = FALSE
	EndGlobalSection
	GlobalSection(ExtensibilityGlobals) = postSolution
		SolutionGuid = {6FC89884-84F5-4111-A90C-DF63312E8161}
	EndGlobalSection
EndGlobal
