
Microsoft Visual Studio Solution File, Format Version 12.00
# Visual Studio Version 16
VisualStudioVersion = 16.0.31313.79
MinimumVisualStudioVersion = 10.0.40219.1
Project("{FAE04EC0-301F-11D3-BF4B-00C04F79EFBC}") = "tcp_server", "tcp_server\tcp_server.csproj", "{D760710C-6CC3-4EDF-AFCF-3B7E15C69765}"
EndProject
Global
	GlobalSection(SolutionConfigurationPlatforms) = preSolution
		Debug|Any CPU = Debug|Any CPU
		Release|Any CPU = Release|Any CPU
	EndGlobalSection
	GlobalSection(ProjectConfigurationPlatforms) = postSolution
		{D760710C-6CC3-4EDF-AFCF-3B7E15C69765}.Debug|Any CPU.ActiveCfg = Debug|Any CPU
		{D760710C-6CC3-4EDF-AFCF-3B7E15C69765}.Debug|Any CPU.Build.0 = Debug|Any CPU
		{D760710C-6CC3-4EDF-AFCF-3B7E15C69765}.Release|Any CPU.ActiveCfg = Release|Any CPU
		{D760710C-6CC3-4EDF-AFCF-3B7E15C69765}.Release|Any CPU.Build.0 = Release|Any CPU
	EndGlobalSection
	GlobalSection(SolutionProperties) = preSolution
		HideSolutionNode = FALSE
	EndGlobalSection
	GlobalSection(ExtensibilityGlobals) = postSolution
		SolutionGuid = {7679972B-7580-4B6A-B555-75FBDF791926}
	EndGlobalSection
EndGlobal
